{
    "name": "rime-tupa",
    "lockfileVersion": 2,
    "requires": true,
    "packages": {
        "": {
            "devDependencies": {
                "qieyun-examples": "^20220316.0.0"
            }
        },
        "node_modules/qieyun": {
            "version": "0.12.3",
            "resolved": "https://registry.npmjs.org/qieyun/-/qieyun-0.12.3.tgz",
            "integrity": "sha512-w1QBK0KqzPFnI1mkW2y6NAaAxZFJ2yaSPLtWjaGwUyfWToWrGYstl7rZ1PY9RqQqAA1y/PKQGt3w166y5U5i9w==",
            "dev": true,
            "engines": {
                "node": ">=10"
            }
        },
        "node_modules/qieyun-examples": {
            "version": "20220316.0.0",
            "resolved": "https://registry.npmjs.org/qieyun-examples/-/qieyun-examples-20220316.0.0.tgz",
            "integrity": "sha512-zMJYpFV95jRsAe02HZUWNMeS3zzuUEKr19LWj5Njc+h0js3c91Ty7FSzJ1KZSIPgmvpg29r+qoe5EniVCLuMQw==",
            "dev": true,
            "dependencies": {
                "qieyun": "^0.12.3"
            }
        }
    },
    "dependencies": {
        "qieyun": {
            "version": "0.12.3",
            "resolved": "https://registry.npmjs.org/qieyun/-/qieyun-0.12.3.tgz",
            "integrity": "sha512-w1QBK0KqzPFnI1mkW2y6NAaAxZFJ2yaSPLtWjaGwUyfWToWrGYstl7rZ1PY9RqQqAA1y/PKQGt3w166y5U5i9w==",
            "dev": true
        },
        "qieyun-examples": {
            "version": "20220316.0.0",
            "resolved": "https://registry.npmjs.org/qieyun-examples/-/qieyun-examples-20220316.0.0.tgz",
            "integrity": "sha512-zMJYpFV95jRsAe02HZUWNMeS3zzuUEKr19LWj5Njc+h0js3c91Ty7FSzJ1KZSIPgmvpg29r+qoe5EniVCLuMQw==",
            "dev": true,
            "requires": {
                "qieyun": "^0.12.3"
            }
        }
    }
}
